
Microsoft Visual Studio Solution File, Format Version 12.00
# Visual Studio Version 16
VisualStudioVersion = 16.0.30011.22
MinimumVisualStudioVersion = 10.0.40219.1
Project("{FAE04EC0-301F-11D3-BF4B-00C04F79EFBC}") = "ConvertorImageToHexForOled", "ConvertorImageToHexForOled.csproj", "{0E002B56-5E38-4AD3-B5D1-9CAAB34625CD}"
EndProject
Global
	GlobalSection(SolutionConfigurationPlatforms) = preSolution
		Debug|Any CPU = Debug|Any CPU
		Release|Any CPU = Release|Any CPU
	EndGlobalSection
	GlobalSection(ProjectConfigurationPlatforms) = postSolution
		{0E002B56-5E38-4AD3-B5D1-9CAAB34625CD}.Debug|Any CPU.ActiveCfg = Debug|Any CPU
		{0E002B56-5E38-4AD3-B5D1-9CAAB34625CD}.Debug|Any CPU.Build.0 = Debug|Any CPU
		{0E002B56-5E38-4AD3-B5D1-9CAAB34625CD}.Release|Any CPU.ActiveCfg = Release|Any CPU
		{0E002B56-5E38-4AD3-B5D1-9CAAB34625CD}.Release|Any CPU.Build.0 = Release|Any CPU
	EndGlobalSection
	GlobalSection(SolutionProperties) = preSolution
		HideSolutionNode = FALSE
	EndGlobalSection
	GlobalSection(ExtensibilityGlobals) = postSolution
		SolutionGuid = {EF0ADEE3-C0B6-4344-990C-8B12F4E1DE5F}
	EndGlobalSection
EndGlobal
